
Microsoft Visual Studio Solution File, Format Version 12.00
# Visual Studio Version 16
VisualStudioVersion = 16.0.32929.386
MinimumVisualStudioVersion = 10.0.40219.1
Project("{FAE04EC0-301F-11D3-BF4B-00C04F79EFBC}") = "Calculator", "Calculator\Calculator.csproj", "{834EDC9D-6946-48ED-A0C3-52DEF0B4AA3A}"
EndProject
Project("{FAE04EC0-301F-11D3-BF4B-00C04F79EFBC}") = "CalculatorTester", "..\..\..\..\source\repos\Calculator\CalculatorTester\CalculatorTester.csproj", "{A061D6A0-3E6F-4F30-899D-AE94C0C284C9}"
EndProject
Global
	GlobalSection(SolutionConfigurationPlatforms) = preSolution
		Debug|Any CPU = Debug|Any CPU
		Release|Any CPU = Release|Any CPU
	EndGlobalSection
	GlobalSection(ProjectConfigurationPlatforms) = postSolution
		{834EDC9D-6946-48ED-A0C3-52DEF0B4AA3A}.Debug|Any CPU.ActiveCfg = Debug|Any CPU
		{834EDC9D-6946-48ED-A0C3-52DEF0B4AA3A}.Debug|Any CPU.Build.0 = Debug|Any CPU
		{834EDC9D-6946-48ED-A0C3-52DEF0B4AA3A}.Release|Any CPU.ActiveCfg = Release|Any CPU
		{834EDC9D-6946-48ED-A0C3-52DEF0B4AA3A}.Release|Any CPU.Build.0 = Release|Any CPU
		{A061D6A0-3E6F-4F30-899D-AE94C0C284C9}.Debug|Any CPU.ActiveCfg = Debug|Any CPU
		{A061D6A0-3E6F-4F30-899D-AE94C0C284C9}.Debug|Any CPU.Build.0 = Debug|Any CPU
		{A061D6A0-3E6F-4F30-899D-AE94C0C284C9}.Release|Any CPU.ActiveCfg = Release|Any CPU
		{A061D6A0-3E6F-4F30-899D-AE94C0C284C9}.Release|Any CPU.Build.0 = Release|Any CPU
	EndGlobalSection
	GlobalSection(SolutionProperties) = preSolution
		HideSolutionNode = FALSE
	EndGlobalSection
	GlobalSection(ExtensibilityGlobals) = postSolution
		SolutionGuid = {7CBC4E79-E545-4B00-BF20-AC3AC9F4809F}
	EndGlobalSection
EndGlobal
